// !$*UTF8*$!
{
	archiveVersion = 1;
	classes = {
	};
	objectVersion = 55;
	objects = {

/* Begin PBXBuildFile section */
		51944F5E281EBC9000E25340 /* AddDownloadPage.swift in Sources */ = {isa = PBXBuildFile; fileRef = 51944F5D281EBC9000E25340 /* AddDownloadPage.swift */; };
		51944F60281EBE9D00E25340 /* InputCell.swift in Sources */ = {isa = PBXBuildFile; fileRef = 51944F5F281EBE9D00E25340 /* InputCell.swift */; };
		51944F62281EBF1000E25340 /* EditCell.swift in Sources */ = {isa = PBXBuildFile; fileRef = 51944F61281EBF1000E25340 /* EditCell.swift */; };
		51944F66281EC13D00E25340 /* DownloadTask.swift in Sources */ = {isa = PBXBuildFile; fileRef = 51944F65281EC13D00E25340 /* DownloadTask.swift */; };
		51944F68281ECBDD00E25340 /* Downloader.swift in Sources */ = {isa = PBXBuildFile; fileRef = 51944F67281ECBDD00E25340 /* Downloader.swift */; };
		602D1760281BB31A00CFF8FC /* TestPage.swift in Sources */ = {isa = PBXBuildFile; fileRef = 602D175F281BB31A00CFF8FC /* TestPage.swift */; };
		6031B78928154E3000F51540 /* LXLayoutKit in Frameworks */ = {isa = PBXBuildFile; productRef = 6031B78828154E3000F51540 /* LXLayoutKit */; };
		6031B78B28154EAB00F51540 /* page.swift in Sources */ = {isa = PBXBuildFile; fileRef = 6031B78A28154EAB00F51540 /* page.swift */; };
		604CACB7281548780020EEFB /* Homepage.swift in Sources */ = {isa = PBXBuildFile; fileRef = 604CACB6281548780020EEFB /* Homepage.swift */; };
		604CACBA28154A4B0020EEFB /* DownloadPage.swift in Sources */ = {isa = PBXBuildFile; fileRef = 604CACB928154A4B0020EEFB /* DownloadPage.swift */; };
		6072181327FD69CD007E50D3 /* AppDelegate.swift in Sources */ = {isa = PBXBuildFile; fileRef = 6072181227FD69CD007E50D3 /* AppDelegate.swift */; };
		6072181527FD69CD007E50D3 /* SceneDelegate.swift in Sources */ = {isa = PBXBuildFile; fileRef = 6072181427FD69CD007E50D3 /* SceneDelegate.swift */; };
		6072181727FD69CD007E50D3 /* ViewController.swift in Sources */ = {isa = PBXBuildFile; fileRef = 6072181627FD69CD007E50D3 /* ViewController.swift */; };
		6072181A27FD69CD007E50D3 /* Main.storyboard in Resources */ = {isa = PBXBuildFile; fileRef = 6072181827FD69CD007E50D3 /* Main.storyboard */; };
		6072181D27FD69CD007E50D3 /* Example.xcdatamodeld in Sources */ = {isa = PBXBuildFile; fileRef = 6072181B27FD69CD007E50D3 /* Example.xcdatamodeld */; };
		6072181F27FD69CF007E50D3 /* Assets.xcassets in Resources */ = {isa = PBXBuildFile; fileRef = 6072181E27FD69CF007E50D3 /* Assets.xcassets */; };
		6072182227FD69CF007E50D3 /* LaunchScreen.storyboard in Resources */ = {isa = PBXBuildFile; fileRef = 6072182027FD69CF007E50D3 /* LaunchScreen.storyboard */; };
		6074B5E42817EFD60015AC2E /* LXDownloadKit in Frameworks */ = {isa = PBXBuildFile; productRef = 6074B5E32817EFD60015AC2E /* LXDownloadKit */; };
		6092FF8328164EB1004A4B8C /* DownloadTaskCell.swift in Sources */ = {isa = PBXBuildFile; fileRef = 6092FF8228164EB1004A4B8C /* DownloadTaskCell.swift */; };
/* End PBXBuildFile section */

/* Begin PBXFileReference section */
		51944F5D281EBC9000E25340 /* AddDownloadPage.swift */ = {isa = PBXFileReference; lastKnownFileType = sourcecode.swift; path = AddDownloadPage.swift; sourceTree = "<group>"; };
		51944F5F281EBE9D00E25340 /* InputCell.swift */ = {isa = PBXFileReference; lastKnownFileType = sourcecode.swift; path = InputCell.swift; sourceTree = "<group>"; };
		51944F61281EBF1000E25340 /* EditCell.swift */ = {isa = PBXFileReference; lastKnownFileType = sourcecode.swift; path = EditCell.swift; sourceTree = "<group>"; };
		51944F65281EC13D00E25340 /* DownloadTask.swift */ = {isa = PBXFileReference; lastKnownFileType = sourcecode.swift; path = DownloadTask.swift; sourceTree = "<group>"; };
		51944F67281ECBDD00E25340 /* Downloader.swift */ = {isa = PBXFileReference; lastKnownFileType = sourcecode.swift; path = Downloader.swift; sourceTree = "<group>"; };
		602D175F281BB31A00CFF8FC /* TestPage.swift */ = {isa = PBXFileReference; lastKnownFileType = sourcecode.swift; path = TestPage.swift; sourceTree = "<group>"; };
		6031B78428154BE600F51540 /* LXDowanloader */ = {isa = PBXFileReference; lastKnownFileType = wrapper; name = LXDowanloader; path = ../packages/LXDowanloader; sourceTree = "<group>"; };
		6031B78728154E0300F51540 /* LXLayout */ = {isa = PBXFileReference; lastKnownFileType = wrapper; name = LXLayout; path = ../packages/LXLayout; sourceTree = "<group>"; };
		6031B78A28154EAB00F51540 /* page.swift */ = {isa = PBXFileReference; lastKnownFileType = sourcecode.swift; path = page.swift; sourceTree = "<group>"; };
		604CACB6281548780020EEFB /* Homepage.swift */ = {isa = PBXFileReference; lastKnownFileType = sourcecode.swift; path = Homepage.swift; sourceTree = "<group>"; };
		604CACB928154A4B0020EEFB /* DownloadPage.swift */ = {isa = PBXFileReference; lastKnownFileType = sourcecode.swift; path = DownloadPage.swift; sourceTree = "<group>"; };
		6072180F27FD69CD007E50D3 /* Example.app */ = {isa = PBXFileReference; explicitFileType = wrapper.application; includeInIndex = 0; path = Example.app; sourceTree = BUILT_PRODUCTS_DIR; };
		6072181227FD69CD007E50D3 /* AppDelegate.swift */ = {isa = PBXFileReference; lastKnownFileType = sourcecode.swift; path = AppDelegate.swift; sourceTree = "<group>"; };
		6072181427FD69CD007E50D3 /* SceneDelegate.swift */ = {isa = PBXFileReference; lastKnownFileType = sourcecode.swift; path = SceneDelegate.swift; sourceTree = "<group>"; };
		6072181627FD69CD007E50D3 /* ViewController.swift */ = {isa = PBXFileReference; lastKnownFileType = sourcecode.swift; path = ViewController.swift; sourceTree = "<group>"; };
		6072181927FD69CD007E50D3 /* Base */ = {isa = PBXFileReference; lastKnownFileType = file.storyboard; name = Base; path = Base.lproj/Main.storyboard; sourceTree = "<group>"; };
		6072181C27FD69CD007E50D3 /* Example.xcdatamodel */ = {isa = PBXFileReference; lastKnownFileType = wrapper.xcdatamodel; path = Example.xcdatamodel; sourceTree = "<group>"; };
		6072181E27FD69CF007E50D3 /* Assets.xcassets */ = {isa = PBXFileReference; lastKnownFileType = folder.assetcatalog; path = Assets.xcassets; sourceTree = "<group>"; };
		6072182127FD69CF007E50D3 /* Base */ = {isa = PBXFileReference; lastKnownFileType = file.storyboard; name = Base; path = Base.lproj/LaunchScreen.storyboard; sourceTree = "<group>"; };
		6072182327FD69CF007E50D3 /* Info.plist */ = {isa = PBXFileReference; lastKnownFileType = text.plist.xml; path = Info.plist; sourceTree = "<group>"; };
		6092FF8228164EB1004A4B8C /* DownloadTaskCell.swift */ = {isa = PBXFileReference; lastKnownFileType = sourcecode.swift; path = DownloadTaskCell.swift; sourceTree = "<group>"; };
/* End PBXFileReference section */

/* Begin PBXFrameworksBuildPhase section */
		6072180C27FD69CD007E50D3 /* Frameworks */ = {
			isa = PBXFrameworksBuildPhase;
			buildActionMask = 2147483647;
			files = (
				6031B78928154E3000F51540 /* LXLayoutKit in Frameworks */,
				6074B5E42817EFD60015AC2E /* LXDownloadKit in Frameworks */,
			);
			runOnlyForDeploymentPostprocessing = 0;
		};
/* End PBXFrameworksBuildPhase section */

/* Begin PBXGroup section */
		51944F5C281EBBE000E25340 /* model */ = {
			isa = PBXGroup;
			children = (
				51944F65281EC13D00E25340 /* DownloadTask.swift */,
				51944F67281ECBDD00E25340 /* Downloader.swift */,
			);
			path = model;
			sourceTree = "<group>";
		};
		51944F63281EBF2C00E25340 /* Common */ = {
			isa = PBXGroup;
			children = (
				51944F64281EBF3600E25340 /* view */,
			);
			path = Common;
			sourceTree = "<group>";
		};
		51944F64281EBF3600E25340 /* view */ = {
			isa = PBXGroup;
			children = (
				51944F61281EBF1000E25340 /* EditCell.swift */,
				51944F5F281EBE9D00E25340 /* InputCell.swift */,
			);
			path = view;
			sourceTree = "<group>";
		};
		604CACB52815484B0020EEFB /* Main */ = {
			isa = PBXGroup;
			children = (
				604CACB6281548780020EEFB /* Homepage.swift */,
			);
			path = Main;
			sourceTree = "<group>";
		};
		604CACB828154A370020EEFB /* download */ = {
			isa = PBXGroup;
			children = (
				51944F5C281EBBE000E25340 /* model */,
				6092FF8128164E94004A4B8C /* view */,
				604CACB928154A4B0020EEFB /* DownloadPage.swift */,
				51944F5D281EBC9000E25340 /* AddDownloadPage.swift */,
			);
			path = download;
			sourceTree = "<group>";
		};
		6072180627FD69CD007E50D3 = {
			isa = PBXGroup;
			children = (
				6072182927FD69E5007E50D3 /* Packages */,
				6072181127FD69CD007E50D3 /* Example */,
				6072181027FD69CD007E50D3 /* Products */,
				6072182C27FD6A79007E50D3 /* Frameworks */,
			);
			sourceTree = "<group>";
		};
		6072181027FD69CD007E50D3 /* Products */ = {
			isa = PBXGroup;
			children = (
				6072180F27FD69CD007E50D3 /* Example.app */,
			);
			name = Products;
			sourceTree = "<group>";
		};
		6072181127FD69CD007E50D3 /* Example */ = {
			isa = PBXGroup;
			children = (
				51944F63281EBF2C00E25340 /* Common */,
				604CACB828154A370020EEFB /* download */,
				604CACB52815484B0020EEFB /* Main */,
				6072181227FD69CD007E50D3 /* AppDelegate.swift */,
				6072181427FD69CD007E50D3 /* SceneDelegate.swift */,
				6072181627FD69CD007E50D3 /* ViewController.swift */,
				602D175F281BB31A00CFF8FC /* TestPage.swift */,
				6031B78A28154EAB00F51540 /* page.swift */,
				6072181827FD69CD007E50D3 /* Main.storyboard */,
				6072181E27FD69CF007E50D3 /* Assets.xcassets */,
				6072182027FD69CF007E50D3 /* LaunchScreen.storyboard */,
				6072182327FD69CF007E50D3 /* Info.plist */,
				6072181B27FD69CD007E50D3 /* Example.xcdatamodeld */,
			);
			path = Example;
			sourceTree = "<group>";
		};
		6072182927FD69E5007E50D3 /* Packages */ = {
			isa = PBXGroup;
			children = (
				6031B78428154BE600F51540 /* LXDowanloader */,
				6031B78728154E0300F51540 /* LXLayout */,
			);
			name = Packages;
			sourceTree = "<group>";
		};
		6072182C27FD6A79007E50D3 /* Frameworks */ = {
			isa = PBXGroup;
			children = (
			);
			name = Frameworks;
			sourceTree = "<group>";
		};
		6092FF8128164E94004A4B8C /* view */ = {
			isa = PBXGroup;
			children = (
				6092FF8228164EB1004A4B8C /* DownloadTaskCell.swift */,
			);
			path = view;
			sourceTree = "<group>";
		};
/* End PBXGroup section */

/* Begin PBXNativeTarget section */
		6072180E27FD69CD007E50D3 /* Example */ = {
			isa = PBXNativeTarget;
			buildConfigurationList = 6072182627FD69CF007E50D3 /* Build configuration list for PBXNativeTarget "Example" */;
			buildPhases = (
				6072180B27FD69CD007E50D3 /* Sources */,
				6072180C27FD69CD007E50D3 /* Frameworks */,
				6072180D27FD69CD007E50D3 /* Resources */,
			);
			buildRules = (
			);
			dependencies = (
			);
			name = Example;
			packageProductDependencies = (
				6031B78828154E3000F51540 /* LXLayoutKit */,
				6074B5E32817EFD60015AC2E /* LXDownloadKit */,
			);
			productName = Example;
			productReference = 6072180F27FD69CD007E50D3 /* Example.app */;
			productType = "com.apple.product-type.application";
		};
/* End PBXNativeTarget section */

/* Begin PBXProject section */
		6072180727FD69CD007E50D3 /* Project object */ = {
			isa = PBXProject;
			attributes = {
				BuildIndependentTargetsInParallel = 1;
				LastSwiftUpdateCheck = 1320;
				LastUpgradeCheck = 1320;
				TargetAttributes = {
					6072180E27FD69CD007E50D3 = {
						CreatedOnToolsVersion = 13.2;
					};
				};
			};
			buildConfigurationList = 6072180A27FD69CD007E50D3 /* Build configuration list for PBXProject "Example" */;
			compatibilityVersion = "Xcode 13.0";
			developmentRegion = en;
			hasScannedForEncodings = 0;
			knownRegions = (
				en,
				Base,
			);
			mainGroup = 6072180627FD69CD007E50D3;
			productRefGroup = 6072181027FD69CD007E50D3 /* Products */;
			projectDirPath = "";
			projectRoot = "";
			targets = (
				6072180E27FD69CD007E50D3 /* Example */,
			);
		};
/* End PBXProject section */

/* Begin PBXResourcesBuildPhase section */
		6072180D27FD69CD007E50D3 /* Resources */ = {
			isa = PBXResourcesBuildPhase;
			buildActionMask = 2147483647;
			files = (
				6072182227FD69CF007E50D3 /* LaunchScreen.storyboard in Resources */,
				6072181F27FD69CF007E50D3 /* Assets.xcassets in Resources */,
				6072181A27FD69CD007E50D3 /* Main.storyboard in Resources */,
			);
			runOnlyForDeploymentPostprocessing = 0;
		};
/* End PBXResourcesBuildPhase section */

/* Begin PBXSourcesBuildPhase section */
		6072180B27FD69CD007E50D3 /* Sources */ = {
			isa = PBXSourcesBuildPhase;
			buildActionMask = 2147483647;
			files = (
				51944F5E281EBC9000E25340 /* AddDownloadPage.swift in Sources */,
				51944F60281EBE9D00E25340 /* InputCell.swift in Sources */,
				6031B78B28154EAB00F51540 /* page.swift in Sources */,
				51944F62281EBF1000E25340 /* EditCell.swift in Sources */,
				6072181D27FD69CD007E50D3 /* Example.xcdatamodeld in Sources */,
				6072181727FD69CD007E50D3 /* ViewController.swift in Sources */,
				604CACBA28154A4B0020EEFB /* DownloadPage.swift in Sources */,
				6092FF8328164EB1004A4B8C /* DownloadTaskCell.swift in Sources */,
				51944F68281ECBDD00E25340 /* Downloader.swift in Sources */,
				6072181327FD69CD007E50D3 /* AppDelegate.swift in Sources */,
				604CACB7281548780020EEFB /* Homepage.swift in Sources */,
				51944F66281EC13D00E25340 /* DownloadTask.swift in Sources */,
				602D1760281BB31A00CFF8FC /* TestPage.swift in Sources */,
				6072181527FD69CD007E50D3 /* SceneDelegate.swift in Sources */,
			);
			runOnlyForDeploymentPostprocessing = 0;
		};
/* End PBXSourcesBuildPhase section */

/* Begin PBXVariantGroup section */
		6072181827FD69CD007E50D3 /* Main.storyboard */ = {
			isa = PBXVariantGroup;
			children = (
				6072181927FD69CD007E50D3 /* Base */,
			);
			name = Main.storyboard;
			sourceTree = "<group>";
		};
		6072182027FD69CF007E50D3 /* LaunchScreen.storyboard */ = {
			isa = PBXVariantGroup;
			children = (
				6072182127FD69CF007E50D3 /* Base */,
			);
			name = LaunchScreen.storyboard;
			sourceTree = "<group>";
		};
/* End PBXVariantGroup section */

/* Begin XCBuildConfiguration section */
		6072182427FD69CF007E50D3 /* Debug */ = {
			isa = XCBuildConfiguration;
			buildSettings = {
				ALWAYS_SEARCH_USER_PATHS = NO;
				CLANG_ANALYZER_NONNULL = YES;
				CLANG_ANALYZER_NUMBER_OBJECT_CONVERSION = YES_AGGRESSIVE;
				CLANG_CXX_LANGUAGE_STANDARD = "gnu++17";
				CLANG_CXX_LIBRARY = "libc++";
				CLANG_ENABLE_MODULES = YES;
				CLANG_ENABLE_OBJC_ARC = YES;
				CLANG_ENABLE_OBJC_WEAK = YES;
				CLANG_WARN_BLOCK_CAPTURE_AUTORELEASING = YES;
				CLANG_WARN_BOOL_CONVERSION = YES;
				CLANG_WARN_COMMA = YES;
				CLANG_WARN_CONSTANT_CONVERSION = YES;
				CLANG_WARN_DEPRECATED_OBJC_IMPLEMENTATIONS = YES;
				CLANG_WARN_DIRECT_OBJC_ISA_USAGE = YES_ERROR;
				CLANG_WARN_DOCUMENTATION_COMMENTS = YES;
				CLANG_WARN_EMPTY_BODY = YES;
				CLANG_WARN_ENUM_CONVERSION = YES;
				CLANG_WARN_INFINITE_RECURSION = YES;
				CLANG_WARN_INT_CONVERSION = YES;
				CLANG_WARN_NON_LITERAL_NULL_CONVERSION = YES;
				CLANG_WARN_OBJC_IMPLICIT_RETAIN_SELF = YES;
				CLANG_WARN_OBJC_LITERAL_CONVERSION = YES;
				CLANG_WARN_OBJC_ROOT_CLASS = YES_ERROR;
				CLANG_WARN_QUOTED_INCLUDE_IN_FRAMEWORK_HEADER = YES;
				CLANG_WARN_RANGE_LOOP_ANALYSIS = YES;
				CLANG_WARN_STRICT_PROTOTYPES = YES;
				CLANG_WARN_SUSPICIOUS_MOVE = YES;
				CLANG_WARN_UNGUARDED_AVAILABILITY = YES_AGGRESSIVE;
				CLANG_WARN_UNREACHABLE_CODE = YES;
				CLANG_WARN__DUPLICATE_METHOD_MATCH = YES;
				COPY_PHASE_STRIP = NO;
				DEBUG_INFORMATION_FORMAT = dwarf;
				ENABLE_STRICT_OBJC_MSGSEND = YES;
				ENABLE_TESTABILITY = YES;
				GCC_C_LANGUAGE_STANDARD = gnu11;
				GCC_DYNAMIC_NO_PIC = NO;
				GCC_NO_COMMON_BLOCKS = YES;
				GCC_OPTIMIZATION_LEVEL = 0;
				GCC_PREPROCESSOR_DEFINITIONS = (
					"DEBUG=1",
					"$(inherited)",
				);
				GCC_WARN_64_TO_32_BIT_CONVERSION = YES;
				GCC_WARN_ABOUT_RETURN_TYPE = YES_ERROR;
				GCC_WARN_UNDECLARED_SELECTOR = YES;
				GCC_WARN_UNINITIALIZED_AUTOS = YES_AGGRESSIVE;
				GCC_WARN_UNUSED_FUNCTION = YES;
				GCC_WARN_UNUSED_VARIABLE = YES;
				IPHONEOS_DEPLOYMENT_TARGET = 15.2;
				MTL_ENABLE_DEBUG_INFO = INCLUDE_SOURCE;
				MTL_FAST_MATH = YES;
				ONLY_ACTIVE_ARCH = YES;
				SDKROOT = iphoneos;
				SWIFT_ACTIVE_COMPILATION_CONDITIONS = DEBUG;
				SWIFT_OPTIMIZATION_LEVEL = "-Onone";
			};
			name = Debug;
		};
		6072182527FD69CF007E50D3 /* Release */ = {
			isa = XCBuildConfiguration;
			buildSettings = {
				ALWAYS_SEARCH_USER_PATHS = NO;
				CLANG_ANALYZER_NONNULL = YES;
				CLANG_ANALYZER_NUMBER_OBJECT_CONVERSION = YES_AGGRESSIVE;
				CLANG_CXX_LANGUAGE_STANDARD = "gnu++17";
				CLANG_CXX_LIBRARY = "libc++";
				CLANG_ENABLE_MODULES = YES;
				CLANG_ENABLE_OBJC_ARC = YES;
				CLANG_ENABLE_OBJC_WEAK = YES;
				CLANG_WARN_BLOCK_CAPTURE_AUTORELEASING = YES;
				CLANG_WARN_BOOL_CONVERSION = YES;
				CLANG_WARN_COMMA = YES;
				CLANG_WARN_CONSTANT_CONVERSION = YES;
				CLANG_WARN_DEPRECATED_OBJC_IMPLEMENTATIONS = YES;
				CLANG_WARN_DIRECT_OBJC_ISA_USAGE = YES_ERROR;
				CLANG_WARN_DOCUMENTATION_COMMENTS = YES;
				CLANG_WARN_EMPTY_BODY = YES;
				CLANG_WARN_ENUM_CONVERSION = YES;
				CLANG_WARN_INFINITE_RECURSION = YES;
				CLANG_WARN_INT_CONVERSION = YES;
				CLANG_WARN_NON_LITERAL_NULL_CONVERSION = YES;
				CLANG_WARN_OBJC_IMPLICIT_RETAIN_SELF = YES;
				CLANG_WARN_OBJC_LITERAL_CONVERSION = YES;
				CLANG_WARN_OBJC_ROOT_CLASS = YES_ERROR;
				CLANG_WARN_QUOTED_INCLUDE_IN_FRAMEWORK_HEADER = YES;
				CLANG_WARN_RANGE_LOOP_ANALYSIS = YES;
				CLANG_WARN_STRICT_PROTOTYPES = YES;
				CLANG_WARN_SUSPICIOUS_MOVE = YES;
				CLANG_WARN_UNGUARDED_AVAILABILITY = YES_AGGRESSIVE;
				CLANG_WARN_UNREACHABLE_CODE = YES;
				CLANG_WARN__DUPLICATE_METHOD_MATCH = YES;
				COPY_PHASE_STRIP = NO;
				DEBUG_INFORMATION_FORMAT = "dwarf-with-dsym";
				ENABLE_NS_ASSERTIONS = NO;
				ENABLE_STRICT_OBJC_MSGSEND = YES;
				GCC_C_LANGUAGE_STANDARD = gnu11;
				GCC_NO_COMMON_BLOCKS = YES;
				GCC_WARN_64_TO_32_BIT_CONVERSION = YES;
				GCC_WARN_ABOUT_RETURN_TYPE = YES_ERROR;
				GCC_WARN_UNDECLARED_SELECTOR = YES;
				GCC_WARN_UNINITIALIZED_AUTOS = YES_AGGRESSIVE;
				GCC_WARN_UNUSED_FUNCTION = YES;
				GCC_WARN_UNUSED_VARIABLE = YES;
				IPHONEOS_DEPLOYMENT_TARGET = 15.2;
				MTL_ENABLE_DEBUG_INFO = NO;
				MTL_FAST_MATH = YES;
				SDKROOT = iphoneos;
				SWIFT_COMPILATION_MODE = wholemodule;
				SWIFT_OPTIMIZATION_LEVEL = "-O";
				VALIDATE_PRODUCT = YES;
			};
			name = Release;
		};
		6072182727FD69CF007E50D3 /* Debug */ = {
			isa = XCBuildConfiguration;
			buildSettings = {
				ASSETCATALOG_COMPILER_APPICON_NAME = AppIcon;
				ASSETCATALOG_COMPILER_GLOBAL_ACCENT_COLOR_NAME = AccentColor;
				CODE_SIGN_STYLE = Automatic;
				CURRENT_PROJECT_VERSION = 1;
				DEVELOPMENT_TEAM = 5B6A682L8K;
				GENERATE_INFOPLIST_FILE = YES;
				INFOPLIST_FILE = Example/Info.plist;
				INFOPLIST_KEY_UIApplicationSupportsIndirectInputEvents = YES;
				INFOPLIST_KEY_UILaunchStoryboardName = LaunchScreen;
				INFOPLIST_KEY_UIMainStoryboardFile = Main;
				INFOPLIST_KEY_UISupportedInterfaceOrientations_iPad = "UIInterfaceOrientationPortrait UIInterfaceOrientationPortraitUpsideDown UIInterfaceOrientationLandscapeLeft UIInterfaceOrientationLandscapeRight";
				INFOPLIST_KEY_UISupportedInterfaceOrientations_iPhone = "UIInterfaceOrientationPortrait UIInterfaceOrientationLandscapeLeft UIInterfaceOrientationLandscapeRight";
				LD_RUNPATH_SEARCH_PATHS = (
					"$(inherited)",
					"@executable_path/Frameworks",
				);
				MARKETING_VERSION = 1.0;
				PRODUCT_BUNDLE_IDENTIFIER = com.xiaoxiao.Example;
				PRODUCT_NAME = "$(TARGET_NAME)";
				SWIFT_EMIT_LOC_STRINGS = YES;
				SWIFT_VERSION = 5.0;
				TARGETED_DEVICE_FAMILY = "1,2";
			};
			name = Debug;
		};
		6072182827FD69CF007E50D3 /* Release */ = {
			isa = XCBuildConfiguration;
			buildSettings = {
				ASSETCATALOG_COMPILER_APPICON_NAME = AppIcon;
				ASSETCATALOG_COMPILER_GLOBAL_ACCENT_COLOR_NAME = AccentColor;
				CODE_SIGN_STYLE = Automatic;
				CURRENT_PROJECT_VERSION = 1;
				DEVELOPMENT_TEAM = 5B6A682L8K;
				GENERATE_INFOPLIST_FILE = YES;
				INFOPLIST_FILE = Example/Info.plist;
				INFOPLIST_KEY_UIApplicationSupportsIndirectInputEvents = YES;
				INFOPLIST_KEY_UILaunchStoryboardName = LaunchScreen;
				INFOPLIST_KEY_UIMainStoryboardFile = Main;
				INFOPLIST_KEY_UISupportedInterfaceOrientations_iPad = "UIInterfaceOrientationPortrait UIInterfaceOrientationPortraitUpsideDown UIInterfaceOrientationLandscapeLeft UIInterfaceOrientationLandscapeRight";
				INFOPLIST_KEY_UISupportedInterfaceOrientations_iPhone = "UIInterfaceOrientationPortrait UIInterfaceOrientationLandscapeLeft UIInterfaceOrientationLandscapeRight";
				LD_RUNPATH_SEARCH_PATHS = (
					"$(inherited)",
					"@executable_path/Frameworks",
				);
				MARKETING_VERSION = 1.0;
				PRODUCT_BUNDLE_IDENTIFIER = com.xiaoxiao.Example;
				PRODUCT_NAME = "$(TARGET_NAME)";
				SWIFT_EMIT_LOC_STRINGS = YES;
				SWIFT_VERSION = 5.0;
				TARGETED_DEVICE_FAMILY = "1,2";
			};
			name = Release;
		};
/* End XCBuildConfiguration section */

/* Begin XCConfigurationList section */
		6072180A27FD69CD007E50D3 /* Build configuration list for PBXProject "Example" */ = {
			isa = XCConfigurationList;
			buildConfigurations = (
				6072182427FD69CF007E50D3 /* Debug */,
				6072182527FD69CF007E50D3 /* Release */,
			);
			defaultConfigurationIsVisible = 0;
			defaultConfigurationName = Release;
		};
		6072182627FD69CF007E50D3 /* Build configuration list for PBXNativeTarget "Example" */ = {
			isa = XCConfigurationList;
			buildConfigurations = (
				6072182727FD69CF007E50D3 /* Debug */,
				6072182827FD69CF007E50D3 /* Release */,
			);
			defaultConfigurationIsVisible = 0;
			defaultConfigurationName = Release;
		};
/* End XCConfigurationList section */

/* Begin XCSwiftPackageProductDependency section */
		6031B78828154E3000F51540 /* LXLayoutKit */ = {
			isa = XCSwiftPackageProductDependency;
			productName = LXLayoutKit;
		};
		6074B5E32817EFD60015AC2E /* LXDownloadKit */ = {
			isa = XCSwiftPackageProductDependency;
			productName = LXDownloadKit;
		};
/* End XCSwiftPackageProductDependency section */

/* Begin XCVersionGroup section */
		6072181B27FD69CD007E50D3 /* Example.xcdatamodeld */ = {
			isa = XCVersionGroup;
			children = (
				6072181C27FD69CD007E50D3 /* Example.xcdatamodel */,
			);
			currentVersion = 6072181C27FD69CD007E50D3 /* Example.xcdatamodel */;
			path = Example.xcdatamodeld;
			sourceTree = "<group>";
			versionGroupType = wrapper.xcdatamodel;
		};
/* End XCVersionGroup section */
	};
	rootObject = 6072180727FD69CD007E50D3 /* Project object */;
}
