// !$*UTF8*$!
{
	archiveVersion = 1;
	classes = {
	};
	objectVersion = 55;
	objects = {

/* Begin PBXBuildFile section */
		6072181327FD69CD007E50D3 /* AppDelegate.swift in Sources */ = {isa = PBXBuildFile; fileRef = 6072181227FD69CD007E50D3 /* AppDelegate.swift */; };
		6072181527FD69CD007E50D3 /* SceneDelegate.swift in Sources */ = {isa = PBXBuildFile; fileRef = 6072181427FD69CD007E50D3 /* SceneDelegate.swift */; };
		6072181727FD69CD007E50D3 /* ViewController.swift in Sources */ = {isa = PBXBuildFile; fileRef = 6072181627FD69CD007E50D3 /* ViewController.swift */; };
		6072181A27FD69CD007E50D3 /* Main.storyboard in Resources */ = {isa = PBXBuildFile; fileRef = 6072181827FD69CD007E50D3 /* Main.storyboard */; };
		6072181D27FD69CD007E50D3 /* Example.xcdatamodeld in Sources */ = {isa = PBXBuildFile; fileRef = 6072181B27FD69CD007E50D3 /* Example.xcdatamodeld */; };
		6072181F27FD69CF007E50D3 /* Assets.xcassets in Resources */ = {isa = PBXBuildFile; fileRef = 6072181E27FD69CF007E50D3 /* Assets.xcassets */; };
		6072182227FD69CF007E50D3 /* LaunchScreen.storyboard in Resources */ = {isa = PBXBuildFile; fileRef = 6072182027FD69CF007E50D3 /* LaunchScreen.storyboard */; };
		607218A527FD7551007E50D3 /* LXLayoutKit in Frameworks */ = {isa = PBXBuildFile; productRef = 607218A427FD7551007E50D3 /* LXLayoutKit */; };
		607218A727FD76B2007E50D3 /* LXCommonKit in Frameworks */ = {isa = PBXBuildFile; productRef = 607218A627FD76B2007E50D3 /* LXCommonKit */; };
		607218AA27FD7D4E007E50D3 /* LXNotificationKit in Frameworks */ = {isa = PBXBuildFile; productRef = 607218A927FD7D4E007E50D3 /* LXNotificationKit */; };
		607218AC27FD8847007E50D3 /* SnapshotPage.swift in Sources */ = {isa = PBXBuildFile; fileRef = 607218AB27FD8847007E50D3 /* SnapshotPage.swift */; };
/* End PBXBuildFile section */

/* Begin PBXFileReference section */
		6072180F27FD69CD007E50D3 /* Example.app */ = {isa = PBXFileReference; explicitFileType = wrapper.application; includeInIndex = 0; path = Example.app; sourceTree = BUILT_PRODUCTS_DIR; };
		6072181227FD69CD007E50D3 /* AppDelegate.swift */ = {isa = PBXFileReference; lastKnownFileType = sourcecode.swift; path = AppDelegate.swift; sourceTree = "<group>"; };
		6072181427FD69CD007E50D3 /* SceneDelegate.swift */ = {isa = PBXFileReference; lastKnownFileType = sourcecode.swift; path = SceneDelegate.swift; sourceTree = "<group>"; };
		6072181627FD69CD007E50D3 /* ViewController.swift */ = {isa = PBXFileReference; lastKnownFileType = sourcecode.swift; path = ViewController.swift; sourceTree = "<group>"; };
		6072181927FD69CD007E50D3 /* Base */ = {isa = PBXFileReference; lastKnownFileType = file.storyboard; name = Base; path = Base.lproj/Main.storyboard; sourceTree = "<group>"; };
		6072181C27FD69CD007E50D3 /* Example.xcdatamodel */ = {isa = PBXFileReference; lastKnownFileType = wrapper.xcdatamodel; path = Example.xcdatamodel; sourceTree = "<group>"; };
		6072181E27FD69CF007E50D3 /* Assets.xcassets */ = {isa = PBXFileReference; lastKnownFileType = folder.assetcatalog; path = Assets.xcassets; sourceTree = "<group>"; };
		6072182127FD69CF007E50D3 /* Base */ = {isa = PBXFileReference; lastKnownFileType = file.storyboard; name = Base; path = Base.lproj/LaunchScreen.storyboard; sourceTree = "<group>"; };
		6072182327FD69CF007E50D3 /* Info.plist */ = {isa = PBXFileReference; lastKnownFileType = text.plist.xml; path = Info.plist; sourceTree = "<group>"; };
		6072182A27FD69E5007E50D3 /* lxcommon-kit */ = {isa = PBXFileReference; lastKnownFileType = wrapper; name = "lxcommon-kit"; path = "../packages/lxcommon-kit"; sourceTree = "<group>"; };
		607218A327FD7545007E50D3 /* LXLayout */ = {isa = PBXFileReference; lastKnownFileType = wrapper; name = LXLayout; path = ../packages/LXLayout; sourceTree = "<group>"; };
		607218A827FD7D32007E50D3 /* LXNotificationKit */ = {isa = PBXFileReference; lastKnownFileType = wrapper; name = LXNotificationKit; path = ../packages/LXNotificationKit; sourceTree = "<group>"; };
		607218AB27FD8847007E50D3 /* SnapshotPage.swift */ = {isa = PBXFileReference; lastKnownFileType = sourcecode.swift; path = SnapshotPage.swift; sourceTree = "<group>"; };
/* End PBXFileReference section */

/* Begin PBXFrameworksBuildPhase section */
		6072180C27FD69CD007E50D3 /* Frameworks */ = {
			isa = PBXFrameworksBuildPhase;
			buildActionMask = 2147483647;
			files = (
				607218AA27FD7D4E007E50D3 /* LXNotificationKit in Frameworks */,
				607218A727FD76B2007E50D3 /* LXCommonKit in Frameworks */,
				607218A527FD7551007E50D3 /* LXLayoutKit in Frameworks */,
			);
			runOnlyForDeploymentPostprocessing = 0;
		};
/* End PBXFrameworksBuildPhase section */

/* Begin PBXGroup section */
		6072180627FD69CD007E50D3 = {
			isa = PBXGroup;
			children = (
				6072182927FD69E5007E50D3 /* Packages */,
				6072181127FD69CD007E50D3 /* Example */,
				6072181027FD69CD007E50D3 /* Products */,
				6072182C27FD6A79007E50D3 /* Frameworks */,
			);
			sourceTree = "<group>";
		};
		6072181027FD69CD007E50D3 /* Products */ = {
			isa = PBXGroup;
			children = (
				6072180F27FD69CD007E50D3 /* Example.app */,
			);
			name = Products;
			sourceTree = "<group>";
		};
		6072181127FD69CD007E50D3 /* Example */ = {
			isa = PBXGroup;
			children = (
				6072181227FD69CD007E50D3 /* AppDelegate.swift */,
				6072181427FD69CD007E50D3 /* SceneDelegate.swift */,
				6072181627FD69CD007E50D3 /* ViewController.swift */,
				607218AB27FD8847007E50D3 /* SnapshotPage.swift */,
				6072181827FD69CD007E50D3 /* Main.storyboard */,
				6072181E27FD69CF007E50D3 /* Assets.xcassets */,
				6072182027FD69CF007E50D3 /* LaunchScreen.storyboard */,
				6072182327FD69CF007E50D3 /* Info.plist */,
				6072181B27FD69CD007E50D3 /* Example.xcdatamodeld */,
			);
			path = Example;
			sourceTree = "<group>";
		};
		6072182927FD69E5007E50D3 /* Packages */ = {
			isa = PBXGroup;
			children = (
				6072182A27FD69E5007E50D3 /* lxcommon-kit */,
				607218A327FD7545007E50D3 /* LXLayout */,
				607218A827FD7D32007E50D3 /* LXNotificationKit */,
			);
			name = Packages;
			sourceTree = "<group>";
		};
		6072182C27FD6A79007E50D3 /* Frameworks */ = {
			isa = PBXGroup;
			children = (
			);
			name = Frameworks;
			sourceTree = "<group>";
		};
/* End PBXGroup section */

/* Begin PBXNativeTarget section */
		6072180E27FD69CD007E50D3 /* Example */ = {
			isa = PBXNativeTarget;
			buildConfigurationList = 6072182627FD69CF007E50D3 /* Build configuration list for PBXNativeTarget "Example" */;
			buildPhases = (
				6072180B27FD69CD007E50D3 /* Sources */,
				6072180C27FD69CD007E50D3 /* Frameworks */,
				6072180D27FD69CD007E50D3 /* Resources */,
			);
			buildRules = (
			);
			dependencies = (
			);
			name = Example;
			packageProductDependencies = (
				607218A427FD7551007E50D3 /* LXLayoutKit */,
				607218A627FD76B2007E50D3 /* LXCommonKit */,
				607218A927FD7D4E007E50D3 /* LXNotificationKit */,
			);
			productName = Example;
			productReference = 6072180F27FD69CD007E50D3 /* Example.app */;
			productType = "com.apple.product-type.application";
		};
/* End PBXNativeTarget section */

/* Begin PBXProject section */
		6072180727FD69CD007E50D3 /* Project object */ = {
			isa = PBXProject;
			attributes = {
				BuildIndependentTargetsInParallel = 1;
				LastSwiftUpdateCheck = 1320;
				LastUpgradeCheck = 1320;
				TargetAttributes = {
					6072180E27FD69CD007E50D3 = {
						CreatedOnToolsVersion = 13.2;
					};
				};
			};
			buildConfigurationList = 6072180A27FD69CD007E50D3 /* Build configuration list for PBXProject "Example" */;
			compatibilityVersion = "Xcode 13.0";
			developmentRegion = en;
			hasScannedForEncodings = 0;
			knownRegions = (
				en,
				Base,
			);
			mainGroup = 6072180627FD69CD007E50D3;
			productRefGroup = 6072181027FD69CD007E50D3 /* Products */;
			projectDirPath = "";
			projectRoot = "";
			targets = (
				6072180E27FD69CD007E50D3 /* Example */,
			);
		};
/* End PBXProject section */

/* Begin PBXResourcesBuildPhase section */
		6072180D27FD69CD007E50D3 /* Resources */ = {
			isa = PBXResourcesBuildPhase;
			buildActionMask = 2147483647;
			files = (
				6072182227FD69CF007E50D3 /* LaunchScreen.storyboard in Resources */,
				6072181F27FD69CF007E50D3 /* Assets.xcassets in Resources */,
				6072181A27FD69CD007E50D3 /* Main.storyboard in Resources */,
			);
			runOnlyForDeploymentPostprocessing = 0;
		};
/* End PBXResourcesBuildPhase section */

/* Begin PBXSourcesBuildPhase section */
		6072180B27FD69CD007E50D3 /* Sources */ = {
			isa = PBXSourcesBuildPhase;
			buildActionMask = 2147483647;
			files = (
				6072181D27FD69CD007E50D3 /* Example.xcdatamodeld in Sources */,
				6072181727FD69CD007E50D3 /* ViewController.swift in Sources */,
				6072181327FD69CD007E50D3 /* AppDelegate.swift in Sources */,
				6072181527FD69CD007E50D3 /* SceneDelegate.swift in Sources */,
				607218AC27FD8847007E50D3 /* SnapshotPage.swift in Sources */,
			);
			runOnlyForDeploymentPostprocessing = 0;
		};
/* End PBXSourcesBuildPhase section */

/* Begin PBXVariantGroup section */
		6072181827FD69CD007E50D3 /* Main.storyboard */ = {
			isa = PBXVariantGroup;
			children = (
				6072181927FD69CD007E50D3 /* Base */,
			);
			name = Main.storyboard;
			sourceTree = "<group>";
		};
		6072182027FD69CF007E50D3 /* LaunchScreen.storyboard */ = {
			isa = PBXVariantGroup;
			children = (
				6072182127FD69CF007E50D3 /* Base */,
			);
			name = LaunchScreen.storyboard;
			sourceTree = "<group>";
		};
/* End PBXVariantGroup section */

/* Begin XCBuildConfiguration section */
		6072182427FD69CF007E50D3 /* Debug */ = {
			isa = XCBuildConfiguration;
			buildSettings = {
				ALWAYS_SEARCH_USER_PATHS = NO;
				CLANG_ANALYZER_NONNULL = YES;
				CLANG_ANALYZER_NUMBER_OBJECT_CONVERSION = YES_AGGRESSIVE;
				CLANG_CXX_LANGUAGE_STANDARD = "gnu++17";
				CLANG_CXX_LIBRARY = "libc++";
				CLANG_ENABLE_MODULES = YES;
				CLANG_ENABLE_OBJC_ARC = YES;
				CLANG_ENABLE_OBJC_WEAK = YES;
				CLANG_WARN_BLOCK_CAPTURE_AUTORELEASING = YES;
				CLANG_WARN_BOOL_CONVERSION = YES;
				CLANG_WARN_COMMA = YES;
				CLANG_WARN_CONSTANT_CONVERSION = YES;
				CLANG_WARN_DEPRECATED_OBJC_IMPLEMENTATIONS = YES;
				CLANG_WARN_DIRECT_OBJC_ISA_USAGE = YES_ERROR;
				CLANG_WARN_DOCUMENTATION_COMMENTS = YES;
				CLANG_WARN_EMPTY_BODY = YES;
				CLANG_WARN_ENUM_CONVERSION = YES;
				CLANG_WARN_INFINITE_RECURSION = YES;
				CLANG_WARN_INT_CONVERSION = YES;
				CLANG_WARN_NON_LITERAL_NULL_CONVERSION = YES;
				CLANG_WARN_OBJC_IMPLICIT_RETAIN_SELF = YES;
				CLANG_WARN_OBJC_LITERAL_CONVERSION = YES;
				CLANG_WARN_OBJC_ROOT_CLASS = YES_ERROR;
				CLANG_WARN_QUOTED_INCLUDE_IN_FRAMEWORK_HEADER = YES;
				CLANG_WARN_RANGE_LOOP_ANALYSIS = YES;
				CLANG_WARN_STRICT_PROTOTYPES = YES;
				CLANG_WARN_SUSPICIOUS_MOVE = YES;
				CLANG_WARN_UNGUARDED_AVAILABILITY = YES_AGGRESSIVE;
				CLANG_WARN_UNREACHABLE_CODE = YES;
				CLANG_WARN__DUPLICATE_METHOD_MATCH = YES;
				COPY_PHASE_STRIP = NO;
				DEBUG_INFORMATION_FORMAT = dwarf;
				ENABLE_STRICT_OBJC_MSGSEND = YES;
				ENABLE_TESTABILITY = YES;
				GCC_C_LANGUAGE_STANDARD = gnu11;
				GCC_DYNAMIC_NO_PIC = NO;
				GCC_NO_COMMON_BLOCKS = YES;
				GCC_OPTIMIZATION_LEVEL = 0;
				GCC_PREPROCESSOR_DEFINITIONS = (
					"DEBUG=1",
					"$(inherited)",
				);
				GCC_WARN_64_TO_32_BIT_CONVERSION = YES;
				GCC_WARN_ABOUT_RETURN_TYPE = YES_ERROR;
				GCC_WARN_UNDECLARED_SELECTOR = YES;
				GCC_WARN_UNINITIALIZED_AUTOS = YES_AGGRESSIVE;
				GCC_WARN_UNUSED_FUNCTION = YES;
				GCC_WARN_UNUSED_VARIABLE = YES;
				IPHONEOS_DEPLOYMENT_TARGET = 15.2;
				MTL_ENABLE_DEBUG_INFO = INCLUDE_SOURCE;
				MTL_FAST_MATH = YES;
				ONLY_ACTIVE_ARCH = YES;
				SDKROOT = iphoneos;
				SWIFT_ACTIVE_COMPILATION_CONDITIONS = DEBUG;
				SWIFT_OPTIMIZATION_LEVEL = "-Onone";
			};
			name = Debug;
		};
		6072182527FD69CF007E50D3 /* Release */ = {
			isa = XCBuildConfiguration;
			buildSettings = {
				ALWAYS_SEARCH_USER_PATHS = NO;
				CLANG_ANALYZER_NONNULL = YES;
				CLANG_ANALYZER_NUMBER_OBJECT_CONVERSION = YES_AGGRESSIVE;
				CLANG_CXX_LANGUAGE_STANDARD = "gnu++17";
				CLANG_CXX_LIBRARY = "libc++";
				CLANG_ENABLE_MODULES = YES;
				CLANG_ENABLE_OBJC_ARC = YES;
				CLANG_ENABLE_OBJC_WEAK = YES;
				CLANG_WARN_BLOCK_CAPTURE_AUTORELEASING = YES;
				CLANG_WARN_BOOL_CONVERSION = YES;
				CLANG_WARN_COMMA = YES;
				CLANG_WARN_CONSTANT_CONVERSION = YES;
				CLANG_WARN_DEPRECATED_OBJC_IMPLEMENTATIONS = YES;
				CLANG_WARN_DIRECT_OBJC_ISA_USAGE = YES_ERROR;
				CLANG_WARN_DOCUMENTATION_COMMENTS = YES;
				CLANG_WARN_EMPTY_BODY = YES;
				CLANG_WARN_ENUM_CONVERSION = YES;
				CLANG_WARN_INFINITE_RECURSION = YES;
				CLANG_WARN_INT_CONVERSION = YES;
				CLANG_WARN_NON_LITERAL_NULL_CONVERSION = YES;
				CLANG_WARN_OBJC_IMPLICIT_RETAIN_SELF = YES;
				CLANG_WARN_OBJC_LITERAL_CONVERSION = YES;
				CLANG_WARN_OBJC_ROOT_CLASS = YES_ERROR;
				CLANG_WARN_QUOTED_INCLUDE_IN_FRAMEWORK_HEADER = YES;
				CLANG_WARN_RANGE_LOOP_ANALYSIS = YES;
				CLANG_WARN_STRICT_PROTOTYPES = YES;
				CLANG_WARN_SUSPICIOUS_MOVE = YES;
				CLANG_WARN_UNGUARDED_AVAILABILITY = YES_AGGRESSIVE;
				CLANG_WARN_UNREACHABLE_CODE = YES;
				CLANG_WARN__DUPLICATE_METHOD_MATCH = YES;
				COPY_PHASE_STRIP = NO;
				DEBUG_INFORMATION_FORMAT = "dwarf-with-dsym";
				ENABLE_NS_ASSERTIONS = NO;
				ENABLE_STRICT_OBJC_MSGSEND = YES;
				GCC_C_LANGUAGE_STANDARD = gnu11;
				GCC_NO_COMMON_BLOCKS = YES;
				GCC_WARN_64_TO_32_BIT_CONVERSION = YES;
				GCC_WARN_ABOUT_RETURN_TYPE = YES_ERROR;
				GCC_WARN_UNDECLARED_SELECTOR = YES;
				GCC_WARN_UNINITIALIZED_AUTOS = YES_AGGRESSIVE;
				GCC_WARN_UNUSED_FUNCTION = YES;
				GCC_WARN_UNUSED_VARIABLE = YES;
				IPHONEOS_DEPLOYMENT_TARGET = 15.2;
				MTL_ENABLE_DEBUG_INFO = NO;
				MTL_FAST_MATH = YES;
				SDKROOT = iphoneos;
				SWIFT_COMPILATION_MODE = wholemodule;
				SWIFT_OPTIMIZATION_LEVEL = "-O";
				VALIDATE_PRODUCT = YES;
			};
			name = Release;
		};
		6072182727FD69CF007E50D3 /* Debug */ = {
			isa = XCBuildConfiguration;
			buildSettings = {
				ASSETCATALOG_COMPILER_APPICON_NAME = AppIcon;
				ASSETCATALOG_COMPILER_GLOBAL_ACCENT_COLOR_NAME = AccentColor;
				CODE_SIGN_STYLE = Automatic;
				CURRENT_PROJECT_VERSION = 1;
				DEVELOPMENT_TEAM = 5B6A682L8K;
				GENERATE_INFOPLIST_FILE = YES;
				INFOPLIST_FILE = Example/Info.plist;
				INFOPLIST_KEY_UIApplicationSupportsIndirectInputEvents = YES;
				INFOPLIST_KEY_UILaunchStoryboardName = LaunchScreen;
				INFOPLIST_KEY_UIMainStoryboardFile = Main;
				INFOPLIST_KEY_UISupportedInterfaceOrientations_iPad = "UIInterfaceOrientationPortrait UIInterfaceOrientationPortraitUpsideDown UIInterfaceOrientationLandscapeLeft UIInterfaceOrientationLandscapeRight";
				INFOPLIST_KEY_UISupportedInterfaceOrientations_iPhone = "UIInterfaceOrientationPortrait UIInterfaceOrientationLandscapeLeft UIInterfaceOrientationLandscapeRight";
				LD_RUNPATH_SEARCH_PATHS = (
					"$(inherited)",
					"@executable_path/Frameworks",
				);
				MARKETING_VERSION = 1.0;
				PRODUCT_BUNDLE_IDENTIFIER = com.xiaoxiao.Example;
				PRODUCT_NAME = "$(TARGET_NAME)";
				SWIFT_EMIT_LOC_STRINGS = YES;
				SWIFT_VERSION = 5.0;
				TARGETED_DEVICE_FAMILY = "1,2";
			};
			name = Debug;
		};
		6072182827FD69CF007E50D3 /* Release */ = {
			isa = XCBuildConfiguration;
			buildSettings = {
				ASSETCATALOG_COMPILER_APPICON_NAME = AppIcon;
				ASSETCATALOG_COMPILER_GLOBAL_ACCENT_COLOR_NAME = AccentColor;
				CODE_SIGN_STYLE = Automatic;
				CURRENT_PROJECT_VERSION = 1;
				DEVELOPMENT_TEAM = 5B6A682L8K;
				GENERATE_INFOPLIST_FILE = YES;
				INFOPLIST_FILE = Example/Info.plist;
				INFOPLIST_KEY_UIApplicationSupportsIndirectInputEvents = YES;
				INFOPLIST_KEY_UILaunchStoryboardName = LaunchScreen;
				INFOPLIST_KEY_UIMainStoryboardFile = Main;
				INFOPLIST_KEY_UISupportedInterfaceOrientations_iPad = "UIInterfaceOrientationPortrait UIInterfaceOrientationPortraitUpsideDown UIInterfaceOrientationLandscapeLeft UIInterfaceOrientationLandscapeRight";
				INFOPLIST_KEY_UISupportedInterfaceOrientations_iPhone = "UIInterfaceOrientationPortrait UIInterfaceOrientationLandscapeLeft UIInterfaceOrientationLandscapeRight";
				LD_RUNPATH_SEARCH_PATHS = (
					"$(inherited)",
					"@executable_path/Frameworks",
				);
				MARKETING_VERSION = 1.0;
				PRODUCT_BUNDLE_IDENTIFIER = com.xiaoxiao.Example;
				PRODUCT_NAME = "$(TARGET_NAME)";
				SWIFT_EMIT_LOC_STRINGS = YES;
				SWIFT_VERSION = 5.0;
				TARGETED_DEVICE_FAMILY = "1,2";
			};
			name = Release;
		};
/* End XCBuildConfiguration section */

/* Begin XCConfigurationList section */
		6072180A27FD69CD007E50D3 /* Build configuration list for PBXProject "Example" */ = {
			isa = XCConfigurationList;
			buildConfigurations = (
				6072182427FD69CF007E50D3 /* Debug */,
				6072182527FD69CF007E50D3 /* Release */,
			);
			defaultConfigurationIsVisible = 0;
			defaultConfigurationName = Release;
		};
		6072182627FD69CF007E50D3 /* Build configuration list for PBXNativeTarget "Example" */ = {
			isa = XCConfigurationList;
			buildConfigurations = (
				6072182727FD69CF007E50D3 /* Debug */,
				6072182827FD69CF007E50D3 /* Release */,
			);
			defaultConfigurationIsVisible = 0;
			defaultConfigurationName = Release;
		};
/* End XCConfigurationList section */

/* Begin XCSwiftPackageProductDependency section */
		607218A427FD7551007E50D3 /* LXLayoutKit */ = {
			isa = XCSwiftPackageProductDependency;
			productName = LXLayoutKit;
		};
		607218A627FD76B2007E50D3 /* LXCommonKit */ = {
			isa = XCSwiftPackageProductDependency;
			productName = LXCommonKit;
		};
		607218A927FD7D4E007E50D3 /* LXNotificationKit */ = {
			isa = XCSwiftPackageProductDependency;
			productName = LXNotificationKit;
		};
/* End XCSwiftPackageProductDependency section */

/* Begin XCVersionGroup section */
		6072181B27FD69CD007E50D3 /* Example.xcdatamodeld */ = {
			isa = XCVersionGroup;
			children = (
				6072181C27FD69CD007E50D3 /* Example.xcdatamodel */,
			);
			currentVersion = 6072181C27FD69CD007E50D3 /* Example.xcdatamodel */;
			path = Example.xcdatamodeld;
			sourceTree = "<group>";
			versionGroupType = wrapper.xcdatamodel;
		};
/* End XCVersionGroup section */
	};
	rootObject = 6072180727FD69CD007E50D3 /* Project object */;
}
